
Microsoft Visual Studio Solution File, Format Version 12.00
# Visual Studio Version 17
VisualStudioVersion = 17.14.36221.1 d17.14
MinimumVisualStudioVersion = 10.0.40219.1
Project("{FAE04EC0-301F-11D3-BF4B-00C04F79EFBC}") = "CodeEditorBackend", "CodeEditorBackend\CodeEditorBackend.csproj", "{8360C274-1CF2-40A6-A1DE-2E68F1F3736E}"
EndProject
Global
	GlobalSection(SolutionConfigurationPlatforms) = preSolution
		Debug|Any CPU = Debug|Any CPU
		Release|Any CPU = Release|Any CPU
	EndGlobalSection
	GlobalSection(ProjectConfigurationPlatforms) = postSolution
		{8360C274-1CF2-40A6-A1DE-2E68F1F3736E}.Debug|Any CPU.ActiveCfg = Debug|Any CPU
		{8360C274-1CF2-40A6-A1DE-2E68F1F3736E}.Debug|Any CPU.Build.0 = Debug|Any CPU
		{8360C274-1CF2-40A6-A1DE-2E68F1F3736E}.Release|Any CPU.ActiveCfg = Release|Any CPU
		{8360C274-1CF2-40A6-A1DE-2E68F1F3736E}.Release|Any CPU.Build.0 = Release|Any CPU
	EndGlobalSection
	GlobalSection(SolutionProperties) = preSolution
		HideSolutionNode = FALSE
	EndGlobalSection
	GlobalSection(ExtensibilityGlobals) = postSolution
		SolutionGuid = {E098A92F-C4D5-4717-B4B9-5489236E7096}
	EndGlobalSection
EndGlobal
